
Microsoft Visual Studio Solution File, Format Version 12.00
# Visual Studio 15
VisualStudioVersion = 15.0.28307.329
MinimumVisualStudioVersion = 10.0.40219.1
Project("{FAE04EC0-301F-11D3-BF4B-00C04F79EFBC}") = "MongoDbTutorials", "MongoDbTutorials\MongoDbTutorials.csproj", "{889BF9BB-13EB-493F-8E31-74A6CA7F149F}"
EndProject
Global
	GlobalSection(SolutionConfigurationPlatforms) = preSolution
		Debug|Any CPU = Debug|Any CPU
		Release|Any CPU = Release|Any CPU
	EndGlobalSection
	GlobalSection(ProjectConfigurationPlatforms) = postSolution
		{889BF9BB-13EB-493F-8E31-74A6CA7F149F}.Debug|Any CPU.ActiveCfg = Debug|Any CPU
		{889BF9BB-13EB-493F-8E31-74A6CA7F149F}.Debug|Any CPU.Build.0 = Debug|Any CPU
		{889BF9BB-13EB-493F-8E31-74A6CA7F149F}.Release|Any CPU.ActiveCfg = Release|Any CPU
		{889BF9BB-13EB-493F-8E31-74A6CA7F149F}.Release|Any CPU.Build.0 = Release|Any CPU
	EndGlobalSection
	GlobalSection(SolutionProperties) = preSolution
		HideSolutionNode = FALSE
	EndGlobalSection
	GlobalSection(ExtensibilityGlobals) = postSolution
		SolutionGuid = {BC77F945-63E5-4E74-98B2-DAB499EC4A4C}
	EndGlobalSection
EndGlobal
